
Microsoft Visual Studio Solution File, Format Version 12.00
# Visual Studio Version 17
VisualStudioVersion = 17.13.35931.197
MinimumVisualStudioVersion = 10.0.40219.1
Project("{FAE04EC0-301F-11D3-BF4B-00C04F79EFBC}") = "CDTSharp", "CDTSharp\CDTSharp.csproj", "{D0EA2A35-43DD-4870-99DA-03509190DAD1}"
EndProject
Project("{FAE04EC0-301F-11D3-BF4B-00C04F79EFBC}") = "CDTSharpTests", "CDTSharpTests\CDTSharpTests.csproj", "{BD0E3B7D-80C1-445C-A0BC-89F5232F915A}"
EndProject
Project("{FAE04EC0-301F-11D3-BF4B-00C04F79EFBC}") = "CDTSharpConsole", "CDTSharpConsole\CDTSharpConsole.csproj", "{B1E5A786-E303-4A95-97CE-DDB64348BC63}"
EndProject
Global
	GlobalSection(SolutionConfigurationPlatforms) = preSolution
		Debug|Any CPU = Debug|Any CPU
		Release|Any CPU = Release|Any CPU
	EndGlobalSection
	GlobalSection(ProjectConfigurationPlatforms) = postSolution
		{D0EA2A35-43DD-4870-99DA-03509190DAD1}.Debug|Any CPU.ActiveCfg = Debug|Any CPU
		{D0EA2A35-43DD-4870-99DA-03509190DAD1}.Debug|Any CPU.Build.0 = Debug|Any CPU
		{D0EA2A35-43DD-4870-99DA-03509190DAD1}.Release|Any CPU.ActiveCfg = Release|Any CPU
		{D0EA2A35-43DD-4870-99DA-03509190DAD1}.Release|Any CPU.Build.0 = Release|Any CPU
		{BD0E3B7D-80C1-445C-A0BC-89F5232F915A}.Debug|Any CPU.ActiveCfg = Debug|Any CPU
		{BD0E3B7D-80C1-445C-A0BC-89F5232F915A}.Debug|Any CPU.Build.0 = Debug|Any CPU
		{BD0E3B7D-80C1-445C-A0BC-89F5232F915A}.Release|Any CPU.ActiveCfg = Release|Any CPU
		{BD0E3B7D-80C1-445C-A0BC-89F5232F915A}.Release|Any CPU.Build.0 = Release|Any CPU
		{B1E5A786-E303-4A95-97CE-DDB64348BC63}.Debug|Any CPU.ActiveCfg = Debug|Any CPU
		{B1E5A786-E303-4A95-97CE-DDB64348BC63}.Debug|Any CPU.Build.0 = Debug|Any CPU
		{B1E5A786-E303-4A95-97CE-DDB64348BC63}.Release|Any CPU.ActiveCfg = Release|Any CPU
		{B1E5A786-E303-4A95-97CE-DDB64348BC63}.Release|Any CPU.Build.0 = Release|Any CPU
	EndGlobalSection
	GlobalSection(SolutionProperties) = preSolution
		HideSolutionNode = FALSE
	EndGlobalSection
	GlobalSection(ExtensibilityGlobals) = postSolution
		SolutionGuid = {A5F386CD-EB85-4BB5-94DB-DF9711BB166C}
	EndGlobalSection
EndGlobal
